<?xml version="1.0" encoding="UTF-8"?>
<!DOCTYPE plist PUBLIC "-//Apple//DTD PLIST 1.0//EN" "http://www.apple.com/DTDs/PropertyList-1.0.dtd">
<plist version="1.0">
<dict>
	<key>archiveVersion</key>
	<string>1</string>
	<key>classes</key>
	<dict/>
	<key>objectVersion</key>
	<string>46</string>
	<key>objects</key>
	<dict>
		<key>0067451D85676024CB4AA0F3</key>
		<dict>
			<key>isa</key>
			<string>PBXFileReference</string>
			<key>lastKnownFileType</key>
			<string>sourcecode.c.h</string>
			<key>name</key>
			<string>_Users_yserrano_code_cappuccino_desk_deskDoNotPutThisStringInFileNameOrWorldWillDiepad_DMProject.h</string>
			<key>path</key>
			<string>.XcodeSupport/_Users_yserrano_code_cappuccino_desk_deskDoNotPutThisStringInFileNameOrWorldWillDiepad_DMProject.h</string>
			<key>sourceTree</key>
			<string>SOURCE_ROOT</string>
		</dict>
		<key>02F3461C803509B37E2B0A8C</key>
		<dict>
			<key>isa</key>
			<string>PBXFileReference</string>
			<key>lastKnownFileType</key>
			<string>sourcecode.c.h</string>
			<key>name</key>
			<string>_Users_yserrano_code_cappuccino_desk_deskDoNotPutThisStringInFileNameOrWorldWillDiepad_DMWorkTimeViewController.h</string>
			<key>path</key>
			<string>.XcodeSupport/_Users_yserrano_code_cappuccino_desk_deskDoNotPutThisStringInFileNameOrWorldWillDiepad_DMWorkTimeViewController.h</string>
			<key>sourceTree</key>
			<string>SOURCE_ROOT</string>
		</dict>
		<key>05814C0EA70425328A228B37</key>
		<dict>
			<key>isa</key>
			<string>PBXFileReference</string>
			<key>lastKnownFileType</key>
			<string>sourcecode.c.objc</string>
			<key>name</key>
			<string>_Users_yserrano_code_cappuccino_desk_desk≤‹°∞°›≥pad_DMDns.m</string>
			<key>path</key>
			<string>.XcodeSupport/_Users_yserrano_code_cappuccino_desk_desk≤‹°∞°›≥pad_DMDns.m</string>
			<key>sourceTree</key>
			<string>SOURCE_ROOT</string>
		</dict>
		<key>078E4F9599FCB27A7F21DEC2</key>
		<dict>
			<key>isa</key>
			<string>PBXFileReference</string>
			<key>lastKnownFileType</key>
			<string>?</string>
			<key>name</key>
			<string>DMTemplate.j</string>
			<key>path</key>
			<string>DMTemplate.j</string>
			<key>sourceTree</key>
			<string>SOURCE_ROOT</string>
		</dict>
		<key>07DE478096048CC0A74D8989</key>
		<dict>
			<key>isa</key>
			<string>PBXFileReference</string>
			<key>lastKnownFileType</key>
			<string>sourcecode.c.objc</string>
			<key>name</key>
			<string>_Users_yserrano_code_cappuccino_desk_deskDoNotPutThisStringInFileNameOrWorldWillDiepad_DMTemplate.m</string>
			<key>path</key>
			<string>.XcodeSupport/_Users_yserrano_code_cappuccino_desk_deskDoNotPutThisStringInFileNameOrWorldWillDiepad_DMTemplate.m</string>
			<key>sourceTree</key>
			<string>SOURCE_ROOT</string>
		</dict>
		<key>087A41DEA7C91812EC807576</key>
		<dict>
			<key>isa</key>
			<string>PBXFileReference</string>
			<key>lastKnownFileType</key>
			<string>sourcecode.c.h</string>
			<key>name</key>
			<string>_Users_yserrano_code_cappuccino_desk_deskDoNotPutThisStringInFileNameOrWorldWillDiepad_DMTemplate.h</string>
			<key>path</key>
			<string>.XcodeSupport/_Users_yserrano_code_cappuccino_desk_deskDoNotPutThisStringInFileNameOrWorldWillDiepad_DMTemplate.h</string>
			<key>sourceTree</key>
			<string>SOURCE_ROOT</string>
		</dict>
		<key>1428470FBB6541B78D3428E2</key>
		<dict>
			<key>isa</key>
			<string>PBXFileReference</string>
			<key>lastKnownFileType</key>
			<string>sourcecode.c.h</string>
			<key>name</key>
			<string>_Users_yserrano_code_cappuccino_desk_deskDoNotPutThisStringInFileNameOrWorldWillDiepad_DMDnsRecordsOutlineController.h</string>
			<key>path</key>
			<string>.XcodeSupport/_Users_yserrano_code_cappuccino_desk_deskDoNotPutThisStringInFileNameOrWorldWillDiepad_DMDnsRecordsOutlineController.h</string>
			<key>sourceTree</key>
			<string>SOURCE_ROOT</string>
		</dict>
		<key>17214FD985049D581B6D8A9E</key>
		<dict>
			<key>fileRef</key>
			<string>17C34A85A8AEC3DF0C27E8F7</string>
			<key>isa</key>
			<string>PBXBuildFile</string>
		</dict>
		<key>17274D6DA84520A6966AC953</key>
		<dict>
			<key>fileRef</key>
			<string>F91445EDA9FEA2BF2F6127CE</string>
			<key>isa</key>
			<string>PBXBuildFile</string>
		</dict>
		<key>17C34A85A8AEC3DF0C27E8F7</key>
		<dict>
			<key>isa</key>
			<string>PBXFileReference</string>
			<key>lastKnownFileType</key>
			<string>sourcecode.c.objc</string>
			<key>name</key>
			<string>_Users_yserrano_code_cappuccino_desk_desk≤‹°∞°›≥pad_DMClient.m</string>
			<key>path</key>
			<string>.XcodeSupport/_Users_yserrano_code_cappuccino_desk_desk≤‹°∞°›≥pad_DMClient.m</string>
			<key>sourceTree</key>
			<string>SOURCE_ROOT</string>
		</dict>
		<key>1EFB43EEA962101674838978</key>
		<dict>
			<key>isa</key>
			<string>PBXFileReference</string>
			<key>lastKnownFileType</key>
			<string>sourcecode.c.objc</string>
			<key>name</key>
			<string>_Users_yserrano_code_cappuccino_desk_desk≤‹°∞°›≥pad_COViewController.m</string>
			<key>path</key>
			<string>.XcodeSupport/_Users_yserrano_code_cappuccino_desk_desk≤‹°∞°›≥pad_COViewController.m</string>
			<key>sourceTree</key>
			<string>SOURCE_ROOT</string>
		</dict>
		<key>205D46D191F1BBB577DD436A</key>
		<dict>
			<key>isa</key>
			<string>PBXFileReference</string>
			<key>lastKnownFileType</key>
			<string>sourcecode.c.objc</string>
			<key>name</key>
			<string>_Users_yserrano_code_cappuccino_desk_deskDoNotPutThisStringInFileNameOrWorldWillDiepad_DMProject.m</string>
			<key>path</key>
			<string>.XcodeSupport/_Users_yserrano_code_cappuccino_desk_deskDoNotPutThisStringInFileNameOrWorldWillDiepad_DMProject.m</string>
			<key>sourceTree</key>
			<string>SOURCE_ROOT</string>
		</dict>
		<key>20CE4DE49BA33D0E8A57F95F</key>
		<dict>
			<key>isa</key>
			<string>PBXFileReference</string>
			<key>lastKnownFileType</key>
			<string>sourcecode.c.objc</string>
			<key>name</key>
			<string>_Users_yserrano_code_cappuccino_desk_desk≤‹°∞°›≥pad_DMWorkTime.m</string>
			<key>path</key>
			<string>.XcodeSupport/_Users_yserrano_code_cappuccino_desk_desk≤‹°∞°›≥pad_DMWorkTime.m</string>
			<key>sourceTree</key>
			<string>SOURCE_ROOT</string>
		</dict>
		<key>22FD49BDB82E2BAD9F633B64</key>
		<dict>
			<key>isa</key>
			<string>PBXFileReference</string>
			<key>lastKnownFileType</key>
			<string>sourcecode.c.h</string>
			<key>name</key>
			<string>xcc_general_include.h</string>
			<key>path</key>
			<string>.XcodeSupport/xcc_general_include.h</string>
			<key>sourceTree</key>
			<string>SOURCE_ROOT</string>
		</dict>
		<key>26CD4D5186B21753DB8C5785</key>
		<dict>
			<key>isa</key>
			<string>PBXFileReference</string>
			<key>lastKnownFileType</key>
			<string>?</string>
			<key>name</key>
			<string>DMQueue.j</string>
			<key>path</key>
			<string>DMQueue.j</string>
			<key>sourceTree</key>
			<string>SOURCE_ROOT</string>
		</dict>
		<key>27324BAAAC287EBF025893CE</key>
		<dict>
			<key>fileRef</key>
			<string>AAD44A0692C7B0B4B5E474D3</string>
			<key>isa</key>
			<string>PBXBuildFile</string>
		</dict>
		<key>27EC4BDDBC12CC5DBB7E6AED</key>
		<dict>
			<key>isa</key>
			<string>PBXFileReference</string>
			<key>lastKnownFileType</key>
			<string>?</string>
			<key>name</key>
			<string>DMClientViewController.j</string>
			<key>path</key>
			<string>DMClientViewController.j</string>
			<key>sourceTree</key>
			<string>SOURCE_ROOT</string>
		</dict>
		<key>28F74ECBA2D5B448565704B0</key>
		<dict>
			<key>fileRef</key>
			<string>05814C0EA70425328A228B37</string>
			<key>isa</key>
			<string>PBXBuildFile</string>
		</dict>
		<key>29044AD892A1A1494FDF6925</key>
		<dict>
			<key>isa</key>
			<string>PBXFileReference</string>
			<key>lastKnownFileType</key>
			<string>?</string>
			<key>name</key>
			<string>DMWorkTimeArrayController.j</string>
			<key>path</key>
			<string>DMWorkTimeArrayController.j</string>
			<key>sourceTree</key>
			<string>SOURCE_ROOT</string>
		</dict>
		<key>2F8D4A87B93A9E36607054D9</key>
		<dict>
			<key>fileRef</key>
			<string>3FAB4930960CDC8D61815C75</string>
			<key>isa</key>
			<string>PBXBuildFile</string>
		</dict>
		<key>32B04214955591EEBD26E1EF</key>
		<dict>
			<key>isa</key>
			<string>PBXFileReference</string>
			<key>lastKnownFileType</key>
			<string>sourcecode.c.objc</string>
			<key>name</key>
			<string>_Users_yserrano_code_cappuccino_desk_deskDoNotPutThisStringInFileNameOrWorldWillDiepad_DMWorkTimeArrayController.m</string>
			<key>path</key>
			<string>.XcodeSupport/_Users_yserrano_code_cappuccino_desk_deskDoNotPutThisStringInFileNameOrWorldWillDiepad_DMWorkTimeArrayController.m</string>
			<key>sourceTree</key>
			<string>SOURCE_ROOT</string>
		</dict>
		<key>3331412CA7B57742D091F3C8</key>
		<dict>
			<key>fileRef</key>
			<string>4E87488CAA8B232BC4401BB0</string>
			<key>isa</key>
			<string>PBXBuildFile</string>
		</dict>
		<key>36D343DE84C03BCC485652D3</key>
		<dict>
			<key>isa</key>
			<string>PBXFileReference</string>
			<key>lastKnownFileType</key>
			<string>sourcecode.c.objc</string>
			<key>name</key>
			<string>_Users_yserrano_code_cappuccino_desk_deskDoNotPutThisStringInFileNameOrWorldWillDiepad_DMDns.m</string>
			<key>path</key>
			<string>.XcodeSupport/_Users_yserrano_code_cappuccino_desk_deskDoNotPutThisStringInFileNameOrWorldWillDiepad_DMDns.m</string>
			<key>sourceTree</key>
			<string>SOURCE_ROOT</string>
		</dict>
		<key>38F54623B77D02B32830E2B9</key>
		<dict>
			<key>isa</key>
			<string>PBXFileReference</string>
			<key>lastKnownFileType</key>
			<string>sourcecode.c.h</string>
			<key>name</key>
			<string>_Users_yserrano_code_cappuccino_desk_deskDoNotPutThisStringInFileNameOrWorldWillDiepad_AppController.h</string>
			<key>path</key>
			<string>.XcodeSupport/_Users_yserrano_code_cappuccino_desk_deskDoNotPutThisStringInFileNameOrWorldWillDiepad_AppController.h</string>
			<key>sourceTree</key>
			<string>SOURCE_ROOT</string>
		</dict>
		<key>3E1248A8B67627B2454BAD50</key>
		<dict>
			<key>fileRef</key>
			<string>60C047FBBFE62FD779548404</string>
			<key>isa</key>
			<string>PBXBuildFile</string>
		</dict>
		<key>3F2F402C883D9E5EAEBC6084</key>
		<dict>
			<key>isa</key>
			<string>PBXFileReference</string>
			<key>lastKnownFileType</key>
			<string>?</string>
			<key>name</key>
			<string>FixTableColumn.j</string>
			<key>path</key>
			<string>FixTableColumn.j</string>
			<key>sourceTree</key>
			<string>SOURCE_ROOT</string>
		</dict>
		<key>3FAB4930960CDC8D61815C75</key>
		<dict>
			<key>isa</key>
			<string>PBXFileReference</string>
			<key>lastKnownFileType</key>
			<string>sourcecode.c.objc</string>
			<key>name</key>
			<string>_Users_yserrano_code_cappuccino_desk_deskDoNotPutThisStringInFileNameOrWorldWillDiepad_COViewController.m</string>
			<key>path</key>
			<string>.XcodeSupport/_Users_yserrano_code_cappuccino_desk_deskDoNotPutThisStringInFileNameOrWorldWillDiepad_COViewController.m</string>
			<key>sourceTree</key>
			<string>SOURCE_ROOT</string>
		</dict>
		<key>43384380A87700CFD5D33420</key>
		<dict>
			<key>fileRef</key>
			<string>20CE4DE49BA33D0E8A57F95F</string>
			<key>isa</key>
			<string>PBXBuildFile</string>
		</dict>
		<key>468041FB802C2712357076D7</key>
		<dict>
			<key>isa</key>
			<string>PBXFileReference</string>
			<key>lastKnownFileType</key>
			<string>?</string>
			<key>name</key>
			<string>DMWorkTime.j</string>
			<key>path</key>
			<string>DMWorkTime.j</string>
			<key>sourceTree</key>
			<string>SOURCE_ROOT</string>
		</dict>
		<key>482546178798A0C337700BB8</key>
		<dict>
			<key>fileRef</key>
			<string>36D343DE84C03BCC485652D3</string>
			<key>isa</key>
			<string>PBXBuildFile</string>
		</dict>
		<key>4A194FB2844BCF7A96521E6E</key>
		<dict>
			<key>isa</key>
			<string>PBXFileReference</string>
			<key>lastKnownFileType</key>
			<string>?</string>
			<key>name</key>
			<string>COViewController.j</string>
			<key>path</key>
			<string>COViewController.j</string>
			<key>sourceTree</key>
			<string>SOURCE_ROOT</string>
		</dict>
		<key>4CD440359BE09D815B7D5E4E</key>
		<dict>
			<key>fileRef</key>
			<string>70334C2EB9AC764BA321D816</string>
			<key>isa</key>
			<string>PBXBuildFile</string>
		</dict>
		<key>4DA44F85980B4B1630B65033</key>
		<dict>
			<key>isa</key>
			<string>PBXFileReference</string>
			<key>lastKnownFileType</key>
			<string>?</string>
			<key>name</key>
			<string>DMProjectViewController.j</string>
			<key>path</key>
			<string>DMProjectViewController.j</string>
			<key>sourceTree</key>
			<string>SOURCE_ROOT</string>
		</dict>
		<key>4E87488CAA8B232BC4401BB0</key>
		<dict>
			<key>isa</key>
			<string>PBXFileReference</string>
			<key>lastKnownFileType</key>
			<string>sourcecode.c.objc</string>
			<key>name</key>
			<string>_Users_yserrano_code_cappuccino_desk_deskDoNotPutThisStringInFileNameOrWorldWillDiepad_DMProjectViewController.m</string>
			<key>path</key>
			<string>.XcodeSupport/_Users_yserrano_code_cappuccino_desk_deskDoNotPutThisStringInFileNameOrWorldWillDiepad_DMProjectViewController.m</string>
			<key>sourceTree</key>
			<string>SOURCE_ROOT</string>
		</dict>
		<key>4F5F47C49F34B5761F9D40F7</key>
		<dict>
			<key>isa</key>
			<string>PBXFileReference</string>
			<key>lastKnownFileType</key>
			<string>?</string>
			<key>name</key>
			<string>AppController.j</string>
			<key>path</key>
			<string>AppController.j</string>
			<key>sourceTree</key>
			<string>SOURCE_ROOT</string>
		</dict>
		<key>517D4BBCB8C74DEBE2180C81</key>
		<dict>
			<key>isa</key>
			<string>PBXFileReference</string>
			<key>lastKnownFileType</key>
			<string>?</string>
			<key>name</key>
			<string>DMClientViewController.j</string>
			<key>path</key>
			<string>DMClientViewController.j</string>
			<key>sourceTree</key>
			<string>SOURCE_ROOT</string>
		</dict>
		<key>51AC44449D3317DB50FB507D</key>
		<dict>
			<key>isa</key>
			<string>PBXFileReference</string>
			<key>lastKnownFileType</key>
			<string>sourcecode.c.objc</string>
			<key>name</key>
			<string>_Users_yserrano_code_cappuccino_desk_desk≤‹°∞°›≥pad_DMTemplate.m</string>
			<key>path</key>
			<string>.XcodeSupport/_Users_yserrano_code_cappuccino_desk_desk≤‹°∞°›≥pad_DMTemplate.m</string>
			<key>sourceTree</key>
			<string>SOURCE_ROOT</string>
		</dict>
		<key>52F84C2D98CFCB0E6B882523</key>
		<dict>
			<key>isa</key>
			<string>PBXFileReference</string>
			<key>lastKnownFileType</key>
			<string>?</string>
			<key>name</key>
			<string>AppController.j</string>
			<key>path</key>
			<string>AppController.j</string>
			<key>sourceTree</key>
			<string>SOURCE_ROOT</string>
		</dict>
		<key>533A4ED2BA619BAA60605D5D</key>
		<dict>
			<key>isa</key>
			<string>PBXFileReference</string>
			<key>lastKnownFileType</key>
			<string>?</string>
			<key>name</key>
			<string>DMClient.j</string>
			<key>path</key>
			<string>DMClient.j</string>
			<key>sourceTree</key>
			<string>SOURCE_ROOT</string>
		</dict>
		<key>538547FC811A513BC1D3162E</key>
		<dict>
			<key>isa</key>
			<string>PBXFileReference</string>
			<key>lastKnownFileType</key>
			<string>?</string>
			<key>name</key>
			<string>DMDnsViewController.j</string>
			<key>path</key>
			<string>DMDnsViewController.j</string>
			<key>sourceTree</key>
			<string>SOURCE_ROOT</string>
		</dict>
		<key>53DF4410B2CCC1B7EBF43915</key>
		<dict>
			<key>fileRef</key>
			<string>BD3B4B8892DAD5F2F30BF314</string>
			<key>isa</key>
			<string>PBXBuildFile</string>
		</dict>
		<key>54454E3B9A690DEE861FB190</key>
		<dict>
			<key>fileRef</key>
			<string>C719450B8E6062A2E39D025A</string>
			<key>isa</key>
			<string>PBXBuildFile</string>
		</dict>
		<key>5620492FB35C91D5C4BAA572</key>
		<dict>
			<key>fileRef</key>
			<string>8DD84F7CA0498A536612226D</string>
			<key>isa</key>
			<string>PBXBuildFile</string>
		</dict>
		<key>56504D0BBDDAABDC748B610D</key>
		<dict>
			<key>isa</key>
			<string>PBXFileReference</string>
			<key>lastKnownFileType</key>
			<string>sourcecode.c.h</string>
			<key>name</key>
			<string>_Users_yserrano_code_cappuccino_desk_deskDoNotPutThisStringInFileNameOrWorldWillDiepad_DMDns.h</string>
			<key>path</key>
			<string>.XcodeSupport/_Users_yserrano_code_cappuccino_desk_deskDoNotPutThisStringInFileNameOrWorldWillDiepad_DMDns.h</string>
			<key>sourceTree</key>
			<string>SOURCE_ROOT</string>
		</dict>
		<key>57F545D0A5A7343388058549</key>
		<dict>
			<key>isa</key>
			<string>PBXFileReference</string>
			<key>lastKnownFileType</key>
			<string>?</string>
			<key>name</key>
			<string>DMProject.j</string>
			<key>path</key>
			<string>DMProject.j</string>
			<key>sourceTree</key>
			<string>SOURCE_ROOT</string>
		</dict>
		<key>5D4945A7906074839299C533</key>
		<dict>
			<key>isa</key>
			<string>PBXFileReference</string>
			<key>lastKnownFileType</key>
			<string>sourcecode.c.objc</string>
			<key>name</key>
			<string>_Users_yserrano_code_cappuccino_desk_desk≤‹°∞°›≥pad_DMWorkTimeViewController.m</string>
			<key>path</key>
			<string>.XcodeSupport/_Users_yserrano_code_cappuccino_desk_desk≤‹°∞°›≥pad_DMWorkTimeViewController.m</string>
			<key>sourceTree</key>
			<string>SOURCE_ROOT</string>
		</dict>
		<key>6082426080913839D0F75A0D</key>
		<dict>
			<key>isa</key>
			<string>PBXFileReference</string>
			<key>lastKnownFileType</key>
			<string>sourcecode.c.objc</string>
			<key>name</key>
			<string>_Users_yserrano_code_cappuccino_desk_desk≤‹°∞°›≥pad_DMQueue.m</string>
			<key>path</key>
			<string>.XcodeSupport/_Users_yserrano_code_cappuccino_desk_desk≤‹°∞°›≥pad_DMQueue.m</string>
			<key>sourceTree</key>
			<string>SOURCE_ROOT</string>
		</dict>
		<key>60C047FBBFE62FD779548404</key>
		<dict>
			<key>isa</key>
			<string>PBXFileReference</string>
			<key>lastKnownFileType</key>
			<string>sourcecode.c.objc</string>
			<key>name</key>
			<string>_Users_yserrano_code_cappuccino_desk_deskDoNotPutThisStringInFileNameOrWorldWillDiepad_DMDnsViewController.m</string>
			<key>path</key>
			<string>.XcodeSupport/_Users_yserrano_code_cappuccino_desk_deskDoNotPutThisStringInFileNameOrWorldWillDiepad_DMDnsViewController.m</string>
			<key>sourceTree</key>
			<string>SOURCE_ROOT</string>
		</dict>
		<key>6F3142D28E16CDD5FA33B5C8</key>
		<dict>
			<key>isa</key>
			<string>PBXFileReference</string>
			<key>lastKnownFileType</key>
			<string>?</string>
			<key>name</key>
			<string>DMClient.j</string>
			<key>path</key>
			<string>DMClient.j</string>
			<key>sourceTree</key>
			<string>SOURCE_ROOT</string>
		</dict>
		<key>70334C2EB9AC764BA321D816</key>
		<dict>
			<key>isa</key>
			<string>PBXFileReference</string>
			<key>lastKnownFileType</key>
			<string>sourcecode.c.objc</string>
			<key>name</key>
			<string>_Users_yserrano_code_cappuccino_desk_deskDoNotPutThisStringInFileNameOrWorldWillDiepad_DMWorkTimeViewController.m</string>
			<key>path</key>
			<string>.XcodeSupport/_Users_yserrano_code_cappuccino_desk_deskDoNotPutThisStringInFileNameOrWorldWillDiepad_DMWorkTimeViewController.m</string>
			<key>sourceTree</key>
			<string>SOURCE_ROOT</string>
		</dict>
		<key>768A47D3A21C86D534FF14E8</key>
		<dict>
			<key>fileRef</key>
			<string>B81E46BA9100640CF70F4994</string>
			<key>isa</key>
			<string>PBXBuildFile</string>
		</dict>
		<key>78A54438A35C539ED7CC2903</key>
		<dict>
			<key>isa</key>
			<string>PBXFileReference</string>
			<key>lastKnownFileType</key>
			<string>sourcecode.c.h</string>
			<key>name</key>
			<string>_Users_yserrano_code_cappuccino_desk_deskDoNotPutThisStringInFileNameOrWorldWillDiepad_COViewController.h</string>
			<key>path</key>
			<string>.XcodeSupport/_Users_yserrano_code_cappuccino_desk_deskDoNotPutThisStringInFileNameOrWorldWillDiepad_COViewController.h</string>
			<key>sourceTree</key>
			<string>SOURCE_ROOT</string>
		</dict>
		<key>797C49C0B2B0CC241A452C36</key>
		<dict>
			<key>isa</key>
			<string>PBXFileReference</string>
			<key>lastKnownFileType</key>
			<string>?</string>
			<key>name</key>
			<string>DMWorkTimeViewController.j</string>
			<key>path</key>
			<string>DMWorkTimeViewController.j</string>
			<key>sourceTree</key>
			<string>SOURCE_ROOT</string>
		</dict>
		<key>7AF142F4AC366A9C2BD367ED</key>
		<dict>
			<key>isa</key>
			<string>PBXFileReference</string>
			<key>lastKnownFileType</key>
			<string>sourcecode.c.objc</string>
			<key>name</key>
			<string>_Users_yserrano_code_cappuccino_desk_deskDoNotPutThisStringInFileNameOrWorldWillDiepad_DMWorkTime.m</string>
			<key>path</key>
			<string>.XcodeSupport/_Users_yserrano_code_cappuccino_desk_deskDoNotPutThisStringInFileNameOrWorldWillDiepad_DMWorkTime.m</string>
			<key>sourceTree</key>
			<string>SOURCE_ROOT</string>
		</dict>
		<key>7B644C5A92AB1D4DA83C481A</key>
		<dict>
			<key>fileRef</key>
			<string>51AC44449D3317DB50FB507D</string>
			<key>isa</key>
			<string>PBXBuildFile</string>
		</dict>
		<key>7C724252B7F06BF4370D2205</key>
		<dict>
			<key>fileRef</key>
			<string>E40949E9A965C601586213DD</string>
			<key>isa</key>
			<string>PBXBuildFile</string>
		</dict>
		<key>7D3949F4AEB097F9F0344A16</key>
		<dict>
			<key>isa</key>
			<string>PBXFileReference</string>
			<key>lastKnownFileType</key>
			<string>sourcecode.c.objc</string>
			<key>name</key>
			<string>_Users_yserrano_code_cappuccino_desk_desk≤‹°∞°›≥pad_DMDnsRecordsOutlineController.m</string>
			<key>path</key>
			<string>.XcodeSupport/_Users_yserrano_code_cappuccino_desk_desk≤‹°∞°›≥pad_DMDnsRecordsOutlineController.m</string>
			<key>sourceTree</key>
			<string>SOURCE_ROOT</string>
		</dict>
		<key>7E2F4BB3B23E81997D055385</key>
		<dict>
			<key>isa</key>
			<string>PBXFileReference</string>
			<key>lastKnownFileType</key>
			<string>sourcecode.c.objc</string>
			<key>name</key>
			<string>_Users_yserrano_code_cappuccino_desk_desk≤‹°∞°›≥pad_DMWorkTimeArrayController.m</string>
			<key>path</key>
			<string>.XcodeSupport/_Users_yserrano_code_cappuccino_desk_desk≤‹°∞°›≥pad_DMWorkTimeArrayController.m</string>
			<key>sourceTree</key>
			<string>SOURCE_ROOT</string>
		</dict>
		<key>7F244E32BA34BAED56BC7F29</key>
		<dict>
			<key>isa</key>
			<string>PBXFileReference</string>
			<key>lastKnownFileType</key>
			<string>sourcecode.c.objc</string>
			<key>name</key>
			<string>_Users_yserrano_code_cappuccino_desk_deskDoNotPutThisStringInFileNameOrWorldWillDiepad_AppController.m</string>
			<key>path</key>
			<string>.XcodeSupport/_Users_yserrano_code_cappuccino_desk_deskDoNotPutThisStringInFileNameOrWorldWillDiepad_AppController.m</string>
			<key>sourceTree</key>
			<string>SOURCE_ROOT</string>
		</dict>
		<key>803044AE9DA3A560D3DBF6CE</key>
		<dict>
			<key>isa</key>
			<string>PBXFileReference</string>
			<key>lastKnownFileType</key>
			<string>sourcecode.c.objc</string>
			<key>name</key>
			<string>_Users_yserrano_code_cappuccino_desk_desk≤‹°∞°›≥pad_DMProjectViewController.m</string>
			<key>path</key>
			<string>.XcodeSupport/_Users_yserrano_code_cappuccino_desk_desk≤‹°∞°›≥pad_DMProjectViewController.m</string>
			<key>sourceTree</key>
			<string>SOURCE_ROOT</string>
		</dict>
		<key>82204ED9A206927EE3BE9319</key>
		<dict>
			<key>isa</key>
			<string>PBXFileReference</string>
			<key>lastKnownFileType</key>
			<string>?</string>
			<key>name</key>
			<string>DMDnsRecordsOutlineController.j</string>
			<key>path</key>
			<string>DMDnsRecordsOutlineController.j</string>
			<key>sourceTree</key>
			<string>SOURCE_ROOT</string>
		</dict>
		<key>84D0454081668B0338644A78</key>
		<dict>
			<key>isa</key>
			<string>PBXFileReference</string>
			<key>lastKnownFileType</key>
			<string>sourcecode.c.h</string>
			<key>name</key>
			<string>_Users_yserrano_code_cappuccino_desk_deskDoNotPutThisStringInFileNameOrWorldWillDiepad_DMQueue.h</string>
			<key>path</key>
			<string>.XcodeSupport/_Users_yserrano_code_cappuccino_desk_deskDoNotPutThisStringInFileNameOrWorldWillDiepad_DMQueue.h</string>
			<key>sourceTree</key>
			<string>SOURCE_ROOT</string>
		</dict>
		<key>8DD84F7CA0498A536612226D</key>
		<dict>
			<key>isa</key>
			<string>PBXFileReference</string>
			<key>lastKnownFileType</key>
			<string>sourcecode.c.objc</string>
			<key>name</key>
			<string>_Users_yserrano_code_cappuccino_desk_deskDoNotPutThisStringInFileNameOrWorldWillDiepad_DMQueue.m</string>
			<key>path</key>
			<string>.XcodeSupport/_Users_yserrano_code_cappuccino_desk_deskDoNotPutThisStringInFileNameOrWorldWillDiepad_DMQueue.m</string>
			<key>sourceTree</key>
			<string>SOURCE_ROOT</string>
		</dict>
		<key>8DF94BDA84AA378E01FA0E19</key>
		<dict>
			<key>isa</key>
			<string>PBXFileReference</string>
			<key>lastKnownFileType</key>
			<string>?</string>
			<key>name</key>
			<string>DMDnsViewController.j</string>
			<key>path</key>
			<string>DMDnsViewController.j</string>
			<key>sourceTree</key>
			<string>SOURCE_ROOT</string>
		</dict>
		<key>927A427DA9AE3B888448CE96</key>
		<dict>
			<key>isa</key>
			<string>PBXFileReference</string>
			<key>lastKnownFileType</key>
			<string>?</string>
			<key>name</key>
			<string>FixTableColumn.j</string>
			<key>path</key>
			<string>FixTableColumn.j</string>
			<key>sourceTree</key>
			<string>SOURCE_ROOT</string>
		</dict>
		<key>939A455D93BF697E6D40CEEB</key>
		<dict>
			<key>isa</key>
			<string>PBXFileReference</string>
			<key>lastKnownFileType</key>
			<string>sourcecode.c.h</string>
			<key>name</key>
			<string>_Users_yserrano_code_cappuccino_desk_deskDoNotPutThisStringInFileNameOrWorldWillDiepad_DMWorkTimeArrayController.h</string>
			<key>path</key>
			<string>.XcodeSupport/_Users_yserrano_code_cappuccino_desk_deskDoNotPutThisStringInFileNameOrWorldWillDiepad_DMWorkTimeArrayController.h</string>
			<key>sourceTree</key>
			<string>SOURCE_ROOT</string>
		</dict>
		<key>9547436F95ED1564B3AAC4BA</key>
		<dict>
			<key>fileRef</key>
			<string>7E2F4BB3B23E81997D055385</string>
			<key>isa</key>
			<string>PBXBuildFile</string>
		</dict>
		<key>992E4A339A23C224B9020155</key>
		<dict>
			<key>isa</key>
			<string>PBXFileReference</string>
			<key>lastKnownFileType</key>
			<string>?</string>
			<key>name</key>
			<string>DMTemplate.j</string>
			<key>path</key>
			<string>DMTemplate.j</string>
			<key>sourceTree</key>
			<string>SOURCE_ROOT</string>
		</dict>
		<key>9D9148A28FBD05847B95B2A8</key>
		<dict>
			<key>fileRef</key>
			<string>6082426080913839D0F75A0D</string>
			<key>isa</key>
			<string>PBXBuildFile</string>
		</dict>
		<key>9EEC4488135749D200615446</key>
		<dict>
			<key>children</key>
			<array>
				<string>9EEC44CB13574A0B00615446</string>
				<string>9EEC4496135749D200615446</string>
				<string>F8E748369266C949D230FC00</string>
				<string>F72249B79FF525F66D8C699A</string>
			</array>
			<key>isa</key>
			<string>PBXGroup</string>
			<key>sourceTree</key>
			<string>&lt;group&gt;</string>
		</dict>
		<key>9EEC448A135749D200615446</key>
		<dict>
			<key>attributes</key>
			<dict>
				<key>LastUpgradeCheck</key>
				<string>0440</string>
				<key>ORGANIZATIONNAME</key>
				<string>280 North, Inc.</string>
			</dict>
			<key>buildConfigurationList</key>
			<string>9EEC448D135749D200615446</string>
			<key>compatibilityVersion</key>
			<string>Xcode 3.2</string>
			<key>developmentRegion</key>
			<string>English</string>
			<key>hasScannedForEncodings</key>
			<string>0</string>
			<key>isa</key>
			<string>PBXProject</string>
			<key>knownRegions</key>
			<array>
				<string>en</string>
			</array>
			<key>mainGroup</key>
			<string>9EEC4488135749D200615446</string>
			<key>productRefGroup</key>
			<string>9EEC4494135749D200615446</string>
			<key>projectDirPath</key>
			<string></string>
			<key>projectRoot</key>
			<string></string>
			<key>targets</key>
			<array>
				<string>9EEC4492135749D200615446</string>
			</array>
		</dict>
		<key>9EEC448D135749D200615446</key>
		<dict>
			<key>buildConfigurations</key>
			<array>
				<string>9EEC44C3135749D300615446</string>
				<string>9EEC44C4135749D300615446</string>
			</array>
			<key>defaultConfigurationIsVisible</key>
			<string>0</string>
			<key>defaultConfigurationName</key>
			<string>Release</string>
			<key>isa</key>
			<string>XCConfigurationList</string>
		</dict>
		<key>9EEC448F135749D200615446</key>
		<dict>
			<key>buildActionMask</key>
			<string>2147483647</string>
			<key>files</key>
			<array>
				<string>27324BAAAC287EBF025893CE</string>
				<string>EF4142AEAE517E590D6AFA5B</string>
				<string>17214FD985049D581B6D8A9E</string>
				<string>53DF4410B2CCC1B7EBF43915</string>
				<string>28F74ECBA2D5B448565704B0</string>
				<string>AA6F44A29147AB44FD91A732</string>
				<string>54454E3B9A690DEE861FB190</string>
				<string>768A47D3A21C86D534FF14E8</string>
				<string>D1C54A7B91538033A2810FD1</string>
				<string>9D9148A28FBD05847B95B2A8</string>
				<string>7B644C5A92AB1D4DA83C481A</string>
				<string>43384380A87700CFD5D33420</string>
				<string>9547436F95ED1564B3AAC4BA</string>
				<string>D2F14931BB9BB2B05E5D35F0</string>
				<string>CA5B478CA9455B4F9F0A8B15</string>
				<string>2F8D4A87B93A9E36607054D9</string>
				<string>ABC44A4B8F5D734DF60A5420</string>
				<string>7C724252B7F06BF4370D2205</string>
				<string>482546178798A0C337700BB8</string>
				<string>17274D6DA84520A6966AC953</string>
				<string>3E1248A8B67627B2454BAD50</string>
				<string>D3EB46E7BD6D87EFEFB3995B</string>
				<string>3331412CA7B57742D091F3C8</string>
				<string>5620492FB35C91D5C4BAA572</string>
				<string>A84941D594D905B138F16A9B</string>
				<string>ACAF48DE9873449D82C5ED2E</string>
				<string>A1CF4441B67036D35017A89B</string>
				<string>4CD440359BE09D815B7D5E4E</string>
			</array>
			<key>isa</key>
			<string>PBXSourcesBuildPhase</string>
			<key>runOnlyForDeploymentPostprocessing</key>
			<string>0</string>
		</dict>
		<key>9EEC4490135749D200615446</key>
		<dict>
			<key>buildActionMask</key>
			<string>2147483647</string>
			<key>files</key>
			<array>
				<string>9EEC4498135749D200615446</string>
			</array>
			<key>isa</key>
			<string>PBXFrameworksBuildPhase</string>
			<key>runOnlyForDeploymentPostprocessing</key>
			<string>0</string>
		</dict>
		<key>9EEC4491135749D200615446</key>
		<dict>
			<key>buildActionMask</key>
			<string>2147483647</string>
			<key>files</key>
			<array>
				<string>9EEC44CC13574A0B00615446</string>
			</array>
			<key>isa</key>
			<string>PBXResourcesBuildPhase</string>
			<key>runOnlyForDeploymentPostprocessing</key>
			<string>0</string>
		</dict>
		<key>9EEC4492135749D200615446</key>
		<dict>
			<key>buildConfigurationList</key>
			<string>9EEC44C5135749D300615446</string>
			<key>buildPhases</key>
			<array>
				<string>9EEC448F135749D200615446</string>
				<string>9EEC4490135749D200615446</string>
				<string>9EEC4491135749D200615446</string>
			</array>
			<key>buildRules</key>
			<array/>
			<key>dependencies</key>
			<array/>
			<key>isa</key>
			<string>PBXNativeTarget</string>
			<key>name</key>
			<string>Another</string>
			<key>productName</key>
			<string>Another</string>
			<key>productReference</key>
			<string>9EEC4493135749D200615446</string>
			<key>productType</key>
			<string>com.apple.product-type.application</string>
		</dict>
		<key>9EEC4493135749D200615446</key>
		<dict>
			<key>explicitFileType</key>
			<string>wrapper.application</string>
			<key>includeInIndex</key>
			<string>0</string>
			<key>isa</key>
			<string>PBXFileReference</string>
			<key>path</key>
			<string>Another.app</string>
			<key>sourceTree</key>
			<string>BUILT_PRODUCTS_DIR</string>
		</dict>
		<key>9EEC4494135749D200615446</key>
		<dict>
			<key>children</key>
			<array>
				<string>9EEC4493135749D200615446</string>
			</array>
			<key>isa</key>
			<string>PBXGroup</string>
			<key>name</key>
			<string>Products</string>
			<key>sourceTree</key>
			<string>&lt;group&gt;</string>
		</dict>
		<key>9EEC4496135749D200615446</key>
		<dict>
			<key>children</key>
			<array>
				<string>9EEC4497135749D200615446</string>
				<string>9EEC4499135749D300615446</string>
			</array>
			<key>isa</key>
			<string>PBXGroup</string>
			<key>name</key>
			<string>Frameworks</string>
			<key>sourceTree</key>
			<string>&lt;group&gt;</string>
		</dict>
		<key>9EEC4497135749D200615446</key>
		<dict>
			<key>isa</key>
			<string>PBXFileReference</string>
			<key>lastKnownFileType</key>
			<string>wrapper.framework</string>
			<key>name</key>
			<string>Cocoa.framework</string>
			<key>path</key>
			<string>System/Library/Frameworks/Cocoa.framework</string>
			<key>sourceTree</key>
			<string>SDKROOT</string>
		</dict>
		<key>9EEC4498135749D200615446</key>
		<dict>
			<key>fileRef</key>
			<string>9EEC4497135749D200615446</string>
			<key>isa</key>
			<string>PBXBuildFile</string>
		</dict>
		<key>9EEC4499135749D300615446</key>
		<dict>
			<key>children</key>
			<array>
				<string>9EEC449A135749D300615446</string>
				<string>9EEC449B135749D300615446</string>
				<string>9EEC449C135749D300615446</string>
			</array>
			<key>isa</key>
			<string>PBXGroup</string>
			<key>name</key>
			<string>Other Frameworks</string>
			<key>sourceTree</key>
			<string>&lt;group&gt;</string>
		</dict>
		<key>9EEC449A135749D300615446</key>
		<dict>
			<key>isa</key>
			<string>PBXFileReference</string>
			<key>lastKnownFileType</key>
			<string>wrapper.framework</string>
			<key>name</key>
			<string>AppKit.framework</string>
			<key>path</key>
			<string>System/Library/Frameworks/AppKit.framework</string>
			<key>sourceTree</key>
			<string>SDKROOT</string>
		</dict>
		<key>9EEC449B135749D300615446</key>
		<dict>
			<key>isa</key>
			<string>PBXFileReference</string>
			<key>lastKnownFileType</key>
			<string>wrapper.framework</string>
			<key>name</key>
			<string>CoreData.framework</string>
			<key>path</key>
			<string>System/Library/Frameworks/CoreData.framework</string>
			<key>sourceTree</key>
			<string>SDKROOT</string>
		</dict>
		<key>9EEC449C135749D300615446</key>
		<dict>
			<key>isa</key>
			<string>PBXFileReference</string>
			<key>lastKnownFileType</key>
			<string>wrapper.framework</string>
			<key>name</key>
			<string>Foundation.framework</string>
			<key>path</key>
			<string>System/Library/Frameworks/Foundation.framework</string>
			<key>sourceTree</key>
			<string>SDKROOT</string>
		</dict>
		<key>9EEC44C3135749D300615446</key>
		<dict>
			<key>buildSettings</key>
			<dict>
				<key>ARCHS</key>
				<string>$(ARCHS_STANDARD_32_64_BIT)</string>
				<key>GCC_C_LANGUAGE_STANDARD</key>
				<string>gnu99</string>
				<key>GCC_OPTIMIZATION_LEVEL</key>
				<string>0</string>
				<key>GCC_PREPROCESSOR_DEFINITIONS</key>
				<string>DEBUG</string>
				<key>GCC_SYMBOLS_PRIVATE_EXTERN</key>
				<string>NO</string>
				<key>GCC_VERSION</key>
				<string>com.apple.compilers.llvm.clang.1_0</string>
				<key>GCC_WARN_64_TO_32_BIT_CONVERSION</key>
				<string>YES</string>
				<key>GCC_WARN_ABOUT_RETURN_TYPE</key>
				<string>YES</string>
				<key>GCC_WARN_UNUSED_VARIABLE</key>
				<string>YES</string>
				<key>MACOSX_DEPLOYMENT_TARGET</key>
				<string>10.6</string>
				<key>ONLY_ACTIVE_ARCH</key>
				<string>YES</string>
				<key>SDKROOT</key>
				<string>macosx</string>
			</dict>
			<key>isa</key>
			<string>XCBuildConfiguration</string>
			<key>name</key>
			<string>Debug</string>
		</dict>
		<key>9EEC44C4135749D300615446</key>
		<dict>
			<key>buildSettings</key>
			<dict>
				<key>ARCHS</key>
				<string>$(ARCHS_STANDARD_32_64_BIT)</string>
				<key>GCC_C_LANGUAGE_STANDARD</key>
				<string>gnu99</string>
				<key>GCC_VERSION</key>
				<string>com.apple.compilers.llvm.clang.1_0</string>
				<key>GCC_WARN_64_TO_32_BIT_CONVERSION</key>
				<string>YES</string>
				<key>GCC_WARN_ABOUT_RETURN_TYPE</key>
				<string>YES</string>
				<key>GCC_WARN_UNUSED_VARIABLE</key>
				<string>YES</string>
				<key>MACOSX_DEPLOYMENT_TARGET</key>
				<string>10.6</string>
				<key>SDKROOT</key>
				<string>macosx</string>
			</dict>
			<key>isa</key>
			<string>XCBuildConfiguration</string>
			<key>name</key>
			<string>Release</string>
		</dict>
		<key>9EEC44C5135749D300615446</key>
		<dict>
			<key>buildConfigurations</key>
			<array>
				<string>9EEC44C6135749D300615446</string>
				<string>9EEC44C7135749D300615446</string>
			</array>
			<key>defaultConfigurationIsVisible</key>
			<string>0</string>
			<key>defaultConfigurationName</key>
			<string>Release</string>
			<key>isa</key>
			<string>XCConfigurationList</string>
		</dict>
		<key>9EEC44C6135749D300615446</key>
		<dict>
			<key>buildSettings</key>
			<dict>
				<key>ALWAYS_SEARCH_USER_PATHS</key>
				<string>NO</string>
				<key>COMBINE_HIDPI_IMAGES</key>
				<string>YES</string>
				<key>COPY_PHASE_STRIP</key>
				<string>NO</string>
				<key>GCC_DYNAMIC_NO_PIC</key>
				<string>NO</string>
				<key>GCC_ENABLE_OBJC_EXCEPTIONS</key>
				<string>YES</string>
				<key>GCC_PRECOMPILE_PREFIX_HEADER</key>
				<string>YES</string>
				<key>GCC_PREFIX_HEADER</key>
				<string>Another/Another-Prefix.pch</string>
				<key>INFOPLIST_FILE</key>
				<string>Another/Another-Info.plist</string>
				<key>PRODUCT_NAME</key>
				<string>$(TARGET_NAME)</string>
				<key>WRAPPER_EXTENSION</key>
				<string>app</string>
			</dict>
			<key>isa</key>
			<string>XCBuildConfiguration</string>
			<key>name</key>
			<string>Debug</string>
		</dict>
		<key>9EEC44C7135749D300615446</key>
		<dict>
			<key>buildSettings</key>
			<dict>
				<key>ALWAYS_SEARCH_USER_PATHS</key>
				<string>NO</string>
				<key>COMBINE_HIDPI_IMAGES</key>
				<string>YES</string>
				<key>COPY_PHASE_STRIP</key>
				<string>YES</string>
				<key>DEBUG_INFORMATION_FORMAT</key>
				<string>dwarf-with-dsym</string>
				<key>GCC_ENABLE_OBJC_EXCEPTIONS</key>
				<string>YES</string>
				<key>GCC_PRECOMPILE_PREFIX_HEADER</key>
				<string>YES</string>
				<key>GCC_PREFIX_HEADER</key>
				<string>Another/Another-Prefix.pch</string>
				<key>INFOPLIST_FILE</key>
				<string>Another/Another-Info.plist</string>
				<key>PRODUCT_NAME</key>
				<string>$(TARGET_NAME)</string>
				<key>WRAPPER_EXTENSION</key>
				<string>app</string>
			</dict>
			<key>isa</key>
			<string>XCBuildConfiguration</string>
			<key>name</key>
			<string>Release</string>
		</dict>
		<key>9EEC44CB13574A0B00615446</key>
		<dict>
			<key>isa</key>
			<string>PBXFileReference</string>
			<key>lastKnownFileType</key>
			<string>folder</string>
			<key>name</key>
			<string>CappuccinoResources</string>
			<key>path</key>
			<string>Resources</string>
			<key>sourceTree</key>
			<string>&lt;group&gt;</string>
		</dict>
		<key>9EEC44CC13574A0B00615446</key>
		<dict>
			<key>fileRef</key>
			<string>9EEC44CB13574A0B00615446</string>
			<key>isa</key>
			<string>PBXBuildFile</string>
		</dict>
		<key>A1CF4441B67036D35017A89B</key>
		<dict>
			<key>fileRef</key>
			<string>32B04214955591EEBD26E1EF</string>
			<key>isa</key>
			<string>PBXBuildFile</string>
		</dict>
		<key>A21249EFA64997C0EEDE8848</key>
		<dict>
			<key>isa</key>
			<string>PBXFileReference</string>
			<key>lastKnownFileType</key>
			<string>sourcecode.c.h</string>
			<key>name</key>
			<string>_Users_yserrano_code_cappuccino_desk_deskDoNotPutThisStringInFileNameOrWorldWillDiepad_DMProjectViewController.h</string>
			<key>path</key>
			<string>.XcodeSupport/_Users_yserrano_code_cappuccino_desk_deskDoNotPutThisStringInFileNameOrWorldWillDiepad_DMProjectViewController.h</string>
			<key>sourceTree</key>
			<string>SOURCE_ROOT</string>
		</dict>
		<key>A4E044EAAC79AAEE613279EB</key>
		<dict>
			<key>isa</key>
			<string>PBXFileReference</string>
			<key>lastKnownFileType</key>
			<string>?</string>
			<key>name</key>
			<string>DMQueue.j</string>
			<key>path</key>
			<string>DMQueue.j</string>
			<key>sourceTree</key>
			<string>SOURCE_ROOT</string>
		</dict>
		<key>A5C4479799E6FA9AA0F7E610</key>
		<dict>
			<key>isa</key>
			<string>PBXFileReference</string>
			<key>lastKnownFileType</key>
			<string>?</string>
			<key>name</key>
			<string>DMDns.j</string>
			<key>path</key>
			<string>DMDns.j</string>
			<key>sourceTree</key>
			<string>SOURCE_ROOT</string>
		</dict>
		<key>A84941D594D905B138F16A9B</key>
		<dict>
			<key>fileRef</key>
			<string>07DE478096048CC0A74D8989</string>
			<key>isa</key>
			<string>PBXBuildFile</string>
		</dict>
		<key>AA6F44A29147AB44FD91A732</key>
		<dict>
			<key>fileRef</key>
			<string>7D3949F4AEB097F9F0344A16</string>
			<key>isa</key>
			<string>PBXBuildFile</string>
		</dict>
		<key>AAD44A0692C7B0B4B5E474D3</key>
		<dict>
			<key>isa</key>
			<string>PBXFileReference</string>
			<key>lastKnownFileType</key>
			<string>sourcecode.c.objc</string>
			<key>name</key>
			<string>_Users_yserrano_code_cappuccino_desk_desk≤‹°∞°›≥pad_AppController.m</string>
			<key>path</key>
			<string>.XcodeSupport/_Users_yserrano_code_cappuccino_desk_desk≤‹°∞°›≥pad_AppController.m</string>
			<key>sourceTree</key>
			<string>SOURCE_ROOT</string>
		</dict>
		<key>ABC44A4B8F5D734DF60A5420</key>
		<dict>
			<key>fileRef</key>
			<string>F6834DC4BF7AE0EF041BC3BC</string>
			<key>isa</key>
			<string>PBXBuildFile</string>
		</dict>
		<key>ACAF48DE9873449D82C5ED2E</key>
		<dict>
			<key>fileRef</key>
			<string>7AF142F4AC366A9C2BD367ED</string>
			<key>isa</key>
			<string>PBXBuildFile</string>
		</dict>
		<key>B02B4A1984C57E35E4B13CF5</key>
		<dict>
			<key>isa</key>
			<string>PBXFileReference</string>
			<key>lastKnownFileType</key>
			<string>?</string>
			<key>name</key>
			<string>DMWorkTimeViewController.j</string>
			<key>path</key>
			<string>DMWorkTimeViewController.j</string>
			<key>sourceTree</key>
			<string>SOURCE_ROOT</string>
		</dict>
		<key>B81E46BA9100640CF70F4994</key>
		<dict>
			<key>isa</key>
			<string>PBXFileReference</string>
			<key>lastKnownFileType</key>
			<string>sourcecode.c.objc</string>
			<key>name</key>
			<string>_Users_yserrano_code_cappuccino_desk_desk≤‹°∞°›≥pad_DMProject.m</string>
			<key>path</key>
			<string>.XcodeSupport/_Users_yserrano_code_cappuccino_desk_desk≤‹°∞°›≥pad_DMProject.m</string>
			<key>sourceTree</key>
			<string>SOURCE_ROOT</string>
		</dict>
		<key>B9A04579A1F430A7E15B4CDD</key>
		<dict>
			<key>isa</key>
			<string>PBXFileReference</string>
			<key>lastKnownFileType</key>
			<string>sourcecode.c.h</string>
			<key>name</key>
			<string>_Users_yserrano_code_cappuccino_desk_deskDoNotPutThisStringInFileNameOrWorldWillDiepad_DMClient.h</string>
			<key>path</key>
			<string>.XcodeSupport/_Users_yserrano_code_cappuccino_desk_deskDoNotPutThisStringInFileNameOrWorldWillDiepad_DMClient.h</string>
			<key>sourceTree</key>
			<string>SOURCE_ROOT</string>
		</dict>
		<key>BD3B4B8892DAD5F2F30BF314</key>
		<dict>
			<key>isa</key>
			<string>PBXFileReference</string>
			<key>lastKnownFileType</key>
			<string>sourcecode.c.objc</string>
			<key>name</key>
			<string>_Users_yserrano_code_cappuccino_desk_desk≤‹°∞°›≥pad_DMClientViewController.m</string>
			<key>path</key>
			<string>.XcodeSupport/_Users_yserrano_code_cappuccino_desk_desk≤‹°∞°›≥pad_DMClientViewController.m</string>
			<key>sourceTree</key>
			<string>SOURCE_ROOT</string>
		</dict>
		<key>C70140DEBFC20DF561105B93</key>
		<dict>
			<key>isa</key>
			<string>PBXFileReference</string>
			<key>lastKnownFileType</key>
			<string>sourcecode.c.h</string>
			<key>name</key>
			<string>_Users_yserrano_code_cappuccino_desk_deskDoNotPutThisStringInFileNameOrWorldWillDiepad_DMDnsViewController.h</string>
			<key>path</key>
			<string>.XcodeSupport/_Users_yserrano_code_cappuccino_desk_deskDoNotPutThisStringInFileNameOrWorldWillDiepad_DMDnsViewController.h</string>
			<key>sourceTree</key>
			<string>SOURCE_ROOT</string>
		</dict>
		<key>C719450B8E6062A2E39D025A</key>
		<dict>
			<key>isa</key>
			<string>PBXFileReference</string>
			<key>lastKnownFileType</key>
			<string>sourcecode.c.objc</string>
			<key>name</key>
			<string>_Users_yserrano_code_cappuccino_desk_desk≤‹°∞°›≥pad_DMDnsViewController.m</string>
			<key>path</key>
			<string>.XcodeSupport/_Users_yserrano_code_cappuccino_desk_desk≤‹°∞°›≥pad_DMDnsViewController.m</string>
			<key>sourceTree</key>
			<string>SOURCE_ROOT</string>
		</dict>
		<key>CA5B478CA9455B4F9F0A8B15</key>
		<dict>
			<key>fileRef</key>
			<string>7F244E32BA34BAED56BC7F29</string>
			<key>isa</key>
			<string>PBXBuildFile</string>
		</dict>
		<key>CB30483588066882D0FDB0B6</key>
		<dict>
			<key>isa</key>
			<string>PBXFileReference</string>
			<key>lastKnownFileType</key>
			<string>?</string>
			<key>name</key>
			<string>DMProjectViewController.j</string>
			<key>path</key>
			<string>DMProjectViewController.j</string>
			<key>sourceTree</key>
			<string>SOURCE_ROOT</string>
		</dict>
		<key>CE7649F3B9EA51435C769CC6</key>
		<dict>
			<key>isa</key>
			<string>PBXFileReference</string>
			<key>lastKnownFileType</key>
			<string>sourcecode.c.h</string>
			<key>name</key>
			<string>_Users_yserrano_code_cappuccino_desk_deskDoNotPutThisStringInFileNameOrWorldWillDiepad_DMWorkTime.h</string>
			<key>path</key>
			<string>.XcodeSupport/_Users_yserrano_code_cappuccino_desk_deskDoNotPutThisStringInFileNameOrWorldWillDiepad_DMWorkTime.h</string>
			<key>sourceTree</key>
			<string>SOURCE_ROOT</string>
		</dict>
		<key>D1C54A7B91538033A2810FD1</key>
		<dict>
			<key>fileRef</key>
			<string>803044AE9DA3A560D3DBF6CE</string>
			<key>isa</key>
			<string>PBXBuildFile</string>
		</dict>
		<key>D22943018C52CA4060333903</key>
		<dict>
			<key>isa</key>
			<string>PBXFileReference</string>
			<key>lastKnownFileType</key>
			<string>?</string>
			<key>name</key>
			<string>COViewController.j</string>
			<key>path</key>
			<string>COViewController.j</string>
			<key>sourceTree</key>
			<string>SOURCE_ROOT</string>
		</dict>
		<key>D2F14931BB9BB2B05E5D35F0</key>
		<dict>
			<key>fileRef</key>
			<string>5D4945A7906074839299C533</string>
			<key>isa</key>
			<string>PBXBuildFile</string>
		</dict>
		<key>D3EB46E7BD6D87EFEFB3995B</key>
		<dict>
			<key>fileRef</key>
			<string>205D46D191F1BBB577DD436A</string>
			<key>isa</key>
			<string>PBXBuildFile</string>
		</dict>
		<key>D58A44E39641E0C85262CBAA</key>
		<dict>
			<key>isa</key>
			<string>PBXFileReference</string>
			<key>lastKnownFileType</key>
			<string>?</string>
			<key>name</key>
			<string>DMProject.j</string>
			<key>path</key>
			<string>DMProject.j</string>
			<key>sourceTree</key>
			<string>SOURCE_ROOT</string>
		</dict>
		<key>D87A4F2FBB040DBF74E4E29C</key>
		<dict>
			<key>isa</key>
			<string>PBXFileReference</string>
			<key>lastKnownFileType</key>
			<string>?</string>
			<key>name</key>
			<string>DMWorkTime.j</string>
			<key>path</key>
			<string>DMWorkTime.j</string>
			<key>sourceTree</key>
			<string>SOURCE_ROOT</string>
		</dict>
		<key>E40949E9A965C601586213DD</key>
		<dict>
			<key>isa</key>
			<string>PBXFileReference</string>
			<key>lastKnownFileType</key>
			<string>sourcecode.c.objc</string>
			<key>name</key>
			<string>_Users_yserrano_code_cappuccino_desk_deskDoNotPutThisStringInFileNameOrWorldWillDiepad_DMClientViewController.m</string>
			<key>path</key>
			<string>.XcodeSupport/_Users_yserrano_code_cappuccino_desk_deskDoNotPutThisStringInFileNameOrWorldWillDiepad_DMClientViewController.m</string>
			<key>sourceTree</key>
			<string>SOURCE_ROOT</string>
		</dict>
		<key>E790412FA0D4D8FDF4A595D2</key>
		<dict>
			<key>isa</key>
			<string>PBXFileReference</string>
			<key>lastKnownFileType</key>
			<string>?</string>
			<key>name</key>
			<string>DMWorkTimeArrayController.j</string>
			<key>path</key>
			<string>DMWorkTimeArrayController.j</string>
			<key>sourceTree</key>
			<string>SOURCE_ROOT</string>
		</dict>
		<key>E82046E499F5387DAF6C845A</key>
		<dict>
			<key>isa</key>
			<string>PBXFileReference</string>
			<key>lastKnownFileType</key>
			<string>?</string>
			<key>name</key>
			<string>DMDns.j</string>
			<key>path</key>
			<string>DMDns.j</string>
			<key>sourceTree</key>
			<string>SOURCE_ROOT</string>
		</dict>
		<key>ED834F45A7B2B4E4906F28E6</key>
		<dict>
			<key>isa</key>
			<string>PBXFileReference</string>
			<key>lastKnownFileType</key>
			<string>sourcecode.c.h</string>
			<key>name</key>
			<string>_Users_yserrano_code_cappuccino_desk_deskDoNotPutThisStringInFileNameOrWorldWillDiepad_DMClientViewController.h</string>
			<key>path</key>
			<string>.XcodeSupport/_Users_yserrano_code_cappuccino_desk_deskDoNotPutThisStringInFileNameOrWorldWillDiepad_DMClientViewController.h</string>
			<key>sourceTree</key>
			<string>SOURCE_ROOT</string>
		</dict>
		<key>EF4142AEAE517E590D6AFA5B</key>
		<dict>
			<key>fileRef</key>
			<string>1EFB43EEA962101674838978</string>
			<key>isa</key>
			<string>PBXBuildFile</string>
		</dict>
		<key>F21945319292E72B3C7DB448</key>
		<dict>
			<key>isa</key>
			<string>PBXFileReference</string>
			<key>lastKnownFileType</key>
			<string>?</string>
			<key>name</key>
			<string>DMDnsRecordsOutlineController.j</string>
			<key>path</key>
			<string>DMDnsRecordsOutlineController.j</string>
			<key>sourceTree</key>
			<string>SOURCE_ROOT</string>
		</dict>
		<key>F6834DC4BF7AE0EF041BC3BC</key>
		<dict>
			<key>isa</key>
			<string>PBXFileReference</string>
			<key>lastKnownFileType</key>
			<string>sourcecode.c.objc</string>
			<key>name</key>
			<string>_Users_yserrano_code_cappuccino_desk_deskDoNotPutThisStringInFileNameOrWorldWillDiepad_DMClient.m</string>
			<key>path</key>
			<string>.XcodeSupport/_Users_yserrano_code_cappuccino_desk_deskDoNotPutThisStringInFileNameOrWorldWillDiepad_DMClient.m</string>
			<key>sourceTree</key>
			<string>SOURCE_ROOT</string>
		</dict>
		<key>F72249B79FF525F66D8C699A</key>
		<dict>
			<key>children</key>
			<array>
				<string>4F5F47C49F34B5761F9D40F7</string>
				<string>4A194FB2844BCF7A96521E6E</string>
				<string>6F3142D28E16CDD5FA33B5C8</string>
				<string>517D4BBCB8C74DEBE2180C81</string>
				<string>E82046E499F5387DAF6C845A</string>
				<string>82204ED9A206927EE3BE9319</string>
				<string>8DF94BDA84AA378E01FA0E19</string>
				<string>D58A44E39641E0C85262CBAA</string>
				<string>4DA44F85980B4B1630B65033</string>
				<string>A4E044EAAC79AAEE613279EB</string>
				<string>992E4A339A23C224B9020155</string>
				<string>468041FB802C2712357076D7</string>
				<string>E790412FA0D4D8FDF4A595D2</string>
				<string>797C49C0B2B0CC241A452C36</string>
				<string>3F2F402C883D9E5EAEBC6084</string>
				<string>52F84C2D98CFCB0E6B882523</string>
				<string>D22943018C52CA4060333903</string>
				<string>533A4ED2BA619BAA60605D5D</string>
				<string>27EC4BDDBC12CC5DBB7E6AED</string>
				<string>A5C4479799E6FA9AA0F7E610</string>
				<string>F21945319292E72B3C7DB448</string>
				<string>538547FC811A513BC1D3162E</string>
				<string>57F545D0A5A7343388058549</string>
				<string>CB30483588066882D0FDB0B6</string>
				<string>26CD4D5186B21753DB8C5785</string>
				<string>078E4F9599FCB27A7F21DEC2</string>
				<string>D87A4F2FBB040DBF74E4E29C</string>
				<string>29044AD892A1A1494FDF6925</string>
				<string>B02B4A1984C57E35E4B13CF5</string>
				<string>927A427DA9AE3B888448CE96</string>
			</array>
			<key>isa</key>
			<string>PBXGroup</string>
			<key>name</key>
			<string>Sources</string>
			<key>sourceTree</key>
			<string>&lt;group&gt;</string>
		</dict>
		<key>F8E748369266C949D230FC00</key>
		<dict>
			<key>children</key>
			<array>
				<string>AAD44A0692C7B0B4B5E474D3</string>
				<string>1EFB43EEA962101674838978</string>
				<string>17C34A85A8AEC3DF0C27E8F7</string>
				<string>BD3B4B8892DAD5F2F30BF314</string>
				<string>05814C0EA70425328A228B37</string>
				<string>7D3949F4AEB097F9F0344A16</string>
				<string>C719450B8E6062A2E39D025A</string>
				<string>B81E46BA9100640CF70F4994</string>
				<string>803044AE9DA3A560D3DBF6CE</string>
				<string>6082426080913839D0F75A0D</string>
				<string>51AC44449D3317DB50FB507D</string>
				<string>20CE4DE49BA33D0E8A57F95F</string>
				<string>7E2F4BB3B23E81997D055385</string>
				<string>5D4945A7906074839299C533</string>
				<string>22FD49BDB82E2BAD9F633B64</string>
				<string>38F54623B77D02B32830E2B9</string>
				<string>7F244E32BA34BAED56BC7F29</string>
				<string>78A54438A35C539ED7CC2903</string>
				<string>3FAB4930960CDC8D61815C75</string>
				<string>B9A04579A1F430A7E15B4CDD</string>
				<string>F6834DC4BF7AE0EF041BC3BC</string>
				<string>ED834F45A7B2B4E4906F28E6</string>
				<string>E40949E9A965C601586213DD</string>
				<string>56504D0BBDDAABDC748B610D</string>
				<string>36D343DE84C03BCC485652D3</string>
				<string>1428470FBB6541B78D3428E2</string>
				<string>F91445EDA9FEA2BF2F6127CE</string>
				<string>C70140DEBFC20DF561105B93</string>
				<string>60C047FBBFE62FD779548404</string>
				<string>0067451D85676024CB4AA0F3</string>
				<string>205D46D191F1BBB577DD436A</string>
				<string>A21249EFA64997C0EEDE8848</string>
				<string>4E87488CAA8B232BC4401BB0</string>
				<string>84D0454081668B0338644A78</string>
				<string>8DD84F7CA0498A536612226D</string>
				<string>087A41DEA7C91812EC807576</string>
				<string>07DE478096048CC0A74D8989</string>
				<string>CE7649F3B9EA51435C769CC6</string>
				<string>7AF142F4AC366A9C2BD367ED</string>
				<string>939A455D93BF697E6D40CEEB</string>
				<string>32B04214955591EEBD26E1EF</string>
				<string>02F3461C803509B37E2B0A8C</string>
				<string>70334C2EB9AC764BA321D816</string>
			</array>
			<key>isa</key>
			<string>PBXGroup</string>
			<key>name</key>
			<string>Classes</string>
			<key>sourceTree</key>
			<string>&lt;group&gt;</string>
		</dict>
		<key>F91445EDA9FEA2BF2F6127CE</key>
		<dict>
			<key>isa</key>
			<string>PBXFileReference</string>
			<key>lastKnownFileType</key>
			<string>sourcecode.c.objc</string>
			<key>name</key>
			<string>_Users_yserrano_code_cappuccino_desk_deskDoNotPutThisStringInFileNameOrWorldWillDiepad_DMDnsRecordsOutlineController.m</string>
			<key>path</key>
			<string>.XcodeSupport/_Users_yserrano_code_cappuccino_desk_deskDoNotPutThisStringInFileNameOrWorldWillDiepad_DMDnsRecordsOutlineController.m</string>
			<key>sourceTree</key>
			<string>SOURCE_ROOT</string>
		</dict>
	</dict>
	<key>rootObject</key>
	<string>9EEC448A135749D200615446</string>
</dict>
</plist>
